// !$*UTF8*$!
{
	archiveVersion = 1;
	classes = {
	};
	objectVersion = 50;
	objects = {

/* Begin PBXBuildFile section */
		458CAC1B22083E3400B11457 /* AppDelegate.swift in Sources */ = {isa = PBXBuildFile; fileRef = 458CAC1A22083E3400B11457 /* AppDelegate.swift */; };
		458CAC2022083E3400B11457 /* Main.storyboard in Resources */ = {isa = PBXBuildFile; fileRef = 458CAC1E22083E3400B11457 /* Main.storyboard */; };
		458CAC2322083E3400B11457 /* Eve.xcdatamodeld in Sources */ = {isa = PBXBuildFile; fileRef = 458CAC2122083E3400B11457 /* Eve.xcdatamodeld */; };
		458CAC2522083E3600B11457 /* Assets.xcassets in Resources */ = {isa = PBXBuildFile; fileRef = 458CAC2422083E3600B11457 /* Assets.xcassets */; };
		458CAC2822083E3600B11457 /* LaunchScreen.storyboard in Resources */ = {isa = PBXBuildFile; fileRef = 458CAC2622083E3600B11457 /* LaunchScreen.storyboard */; };
		458CAC302208413800B11457 /* TrackerPageVC.swift in Sources */ = {isa = PBXBuildFile; fileRef = 458CAC2F2208413800B11457 /* TrackerPageVC.swift */; };
		458CAC372208442900B11457 /* ErnährungVC.swift in Sources */ = {isa = PBXBuildFile; fileRef = 458CAC362208442900B11457 /* ErnährungVC.swift */; };
		458CAC392208465600B11457 /* ErnährungCell.swift in Sources */ = {isa = PBXBuildFile; fileRef = 458CAC382208465600B11457 /* ErnährungCell.swift */; };
		458CAC3B220848D700B11457 /* ErnährungRessources.swift in Sources */ = {isa = PBXBuildFile; fileRef = 458CAC3A220848D700B11457 /* ErnährungRessources.swift */; };
		458CAC4322085F8A00B11457 /* Protocols.swift in Sources */ = {isa = PBXBuildFile; fileRef = 458CAC4222085F8A00B11457 /* Protocols.swift */; };
		458CAC45220862E300B11457 /* ErnährungSubVC.swift in Sources */ = {isa = PBXBuildFile; fileRef = 458CAC44220862E300B11457 /* ErnährungSubVC.swift */; };
		458CAC4722086C5600B11457 /* Funcs.swift in Sources */ = {isa = PBXBuildFile; fileRef = 458CAC4622086C5600B11457 /* Funcs.swift */; };
		458CAC49220870DD00B11457 /* WasserVC.swift in Sources */ = {isa = PBXBuildFile; fileRef = 458CAC48220870DD00B11457 /* WasserVC.swift */; };
/* End PBXBuildFile section */

/* Begin PBXFileReference section */
		458CAC1722083E3400B11457 /* Eve.app */ = {isa = PBXFileReference; explicitFileType = wrapper.application; includeInIndex = 0; path = Eve.app; sourceTree = BUILT_PRODUCTS_DIR; };
		458CAC1A22083E3400B11457 /* AppDelegate.swift */ = {isa = PBXFileReference; lastKnownFileType = sourcecode.swift; path = AppDelegate.swift; sourceTree = "<group>"; };
		458CAC1F22083E3400B11457 /* Base */ = {isa = PBXFileReference; lastKnownFileType = file.storyboard; name = Base; path = Base.lproj/Main.storyboard; sourceTree = "<group>"; };
		458CAC2222083E3400B11457 /* Eve.xcdatamodel */ = {isa = PBXFileReference; lastKnownFileType = wrapper.xcdatamodel; path = Eve.xcdatamodel; sourceTree = "<group>"; };
		458CAC2422083E3600B11457 /* Assets.xcassets */ = {isa = PBXFileReference; lastKnownFileType = folder.assetcatalog; path = Assets.xcassets; sourceTree = "<group>"; };
		458CAC2722083E3600B11457 /* Base */ = {isa = PBXFileReference; lastKnownFileType = file.storyboard; name = Base; path = Base.lproj/LaunchScreen.storyboard; sourceTree = "<group>"; };
		458CAC2922083E3600B11457 /* Info.plist */ = {isa = PBXFileReference; lastKnownFileType = text.plist.xml; path = Info.plist; sourceTree = "<group>"; };
		458CAC2F2208413800B11457 /* TrackerPageVC.swift */ = {isa = PBXFileReference; lastKnownFileType = sourcecode.swift; path = TrackerPageVC.swift; sourceTree = "<group>"; };
		458CAC362208442900B11457 /* ErnährungVC.swift */ = {isa = PBXFileReference; lastKnownFileType = sourcecode.swift; path = "ErnährungVC.swift"; sourceTree = "<group>"; };
		458CAC382208465600B11457 /* ErnährungCell.swift */ = {isa = PBXFileReference; lastKnownFileType = sourcecode.swift; path = "ErnährungCell.swift"; sourceTree = "<group>"; };
		458CAC3A220848D700B11457 /* ErnährungRessources.swift */ = {isa = PBXFileReference; lastKnownFileType = sourcecode.swift; path = "ErnährungRessources.swift"; sourceTree = "<group>"; };
		458CAC4222085F8A00B11457 /* Protocols.swift */ = {isa = PBXFileReference; lastKnownFileType = sourcecode.swift; path = Protocols.swift; sourceTree = "<group>"; };
		458CAC44220862E300B11457 /* ErnährungSubVC.swift */ = {isa = PBXFileReference; lastKnownFileType = sourcecode.swift; path = "ErnährungSubVC.swift"; sourceTree = "<group>"; };
		458CAC4622086C5600B11457 /* Funcs.swift */ = {isa = PBXFileReference; lastKnownFileType = sourcecode.swift; path = Funcs.swift; sourceTree = "<group>"; };
		458CAC48220870DD00B11457 /* WasserVC.swift */ = {isa = PBXFileReference; lastKnownFileType = sourcecode.swift; path = WasserVC.swift; sourceTree = "<group>"; };
/* End PBXFileReference section */

/* Begin PBXFrameworksBuildPhase section */
		458CAC1422083E3400B11457 /* Frameworks */ = {
			isa = PBXFrameworksBuildPhase;
			buildActionMask = 2147483647;
			files = (
			);
			runOnlyForDeploymentPostprocessing = 0;
		};
/* End PBXFrameworksBuildPhase section */

/* Begin PBXGroup section */
		458CAC0E22083E3400B11457 = {
			isa = PBXGroup;
			children = (
				458CAC1922083E3400B11457 /* Eve */,
				458CAC1822083E3400B11457 /* Products */,
			);
			sourceTree = "<group>";
		};
		458CAC1822083E3400B11457 /* Products */ = {
			isa = PBXGroup;
			children = (
				458CAC1722083E3400B11457 /* Eve.app */,
			);
			name = Products;
			sourceTree = "<group>";
		};
		458CAC1922083E3400B11457 /* Eve */ = {
			isa = PBXGroup;
			children = (
				458CAC352208440600B11457 /* Ressources */,
				458CAC342208440200B11457 /* Helper */,
				458CAC33220843FD00B11457 /* Controller */,
				458CAC32220843F900B11457 /* View */,
				458CAC31220843F500B11457 /* Model */,
				458CAC1A22083E3400B11457 /* AppDelegate.swift */,
				458CAC1E22083E3400B11457 /* Main.storyboard */,
				458CAC2622083E3600B11457 /* LaunchScreen.storyboard */,
				458CAC2922083E3600B11457 /* Info.plist */,
				458CAC2122083E3400B11457 /* Eve.xcdatamodeld */,
			);
			path = Eve;
			sourceTree = "<group>";
		};
		458CAC31220843F500B11457 /* Model */ = {
			isa = PBXGroup;
			children = (
			);
			path = Model;
			sourceTree = "<group>";
		};
		458CAC32220843F900B11457 /* View */ = {
			isa = PBXGroup;
			children = (
				458CAC382208465600B11457 /* ErnährungCell.swift */,
			);
			path = View;
			sourceTree = "<group>";
		};
		458CAC33220843FD00B11457 /* Controller */ = {
			isa = PBXGroup;
			children = (
				458CAC2F2208413800B11457 /* TrackerPageVC.swift */,
				458CAC362208442900B11457 /* ErnährungVC.swift */,
				458CAC44220862E300B11457 /* ErnährungSubVC.swift */,
				458CAC48220870DD00B11457 /* WasserVC.swift */,
			);
			path = Controller;
			sourceTree = "<group>";
		};
		458CAC342208440200B11457 /* Helper */ = {
			isa = PBXGroup;
			children = (
				458CAC4222085F8A00B11457 /* Protocols.swift */,
				458CAC4622086C5600B11457 /* Funcs.swift */,
			);
			path = Helper;
			sourceTree = "<group>";
		};
		458CAC352208440600B11457 /* Ressources */ = {
			isa = PBXGroup;
			children = (
				458CAC2422083E3600B11457 /* Assets.xcassets */,
				458CAC3A220848D700B11457 /* ErnährungRessources.swift */,
			);
			path = Ressources;
			sourceTree = "<group>";
		};
/* End PBXGroup section */

/* Begin PBXNativeTarget section */
		458CAC1622083E3400B11457 /* Eve */ = {
			isa = PBXNativeTarget;
			buildConfigurationList = 458CAC2C22083E3600B11457 /* Build configuration list for PBXNativeTarget "Eve" */;
			buildPhases = (
				458CAC1322083E3400B11457 /* Sources */,
				458CAC1422083E3400B11457 /* Frameworks */,
				458CAC1522083E3400B11457 /* Resources */,
			);
			buildRules = (
			);
			dependencies = (
			);
			name = Eve;
			productName = Eve;
			productReference = 458CAC1722083E3400B11457 /* Eve.app */;
			productType = "com.apple.product-type.application";
		};
/* End PBXNativeTarget section */

/* Begin PBXProject section */
		458CAC0F22083E3400B11457 /* Project object */ = {
			isa = PBXProject;
			attributes = {
				LastSwiftUpdateCheck = 1010;
				LastUpgradeCheck = 1010;
				ORGANIZATIONNAME = "Andreas Schultz";
				TargetAttributes = {
					458CAC1622083E3400B11457 = {
						CreatedOnToolsVersion = 10.1;
					};
				};
			};
			buildConfigurationList = 458CAC1222083E3400B11457 /* Build configuration list for PBXProject "Eve" */;
			compatibilityVersion = "Xcode 9.3";
			developmentRegion = en;
			hasScannedForEncodings = 0;
			knownRegions = (
				en,
				Base,
			);
			mainGroup = 458CAC0E22083E3400B11457;
			productRefGroup = 458CAC1822083E3400B11457 /* Products */;
			projectDirPath = "";
			projectRoot = "";
			targets = (
				458CAC1622083E3400B11457 /* Eve */,
			);
		};
/* End PBXProject section */

/* Begin PBXResourcesBuildPhase section */
		458CAC1522083E3400B11457 /* Resources */ = {
			isa = PBXResourcesBuildPhase;
			buildActionMask = 2147483647;
			files = (
				458CAC2822083E3600B11457 /* LaunchScreen.storyboard in Resources */,
				458CAC2522083E3600B11457 /* Assets.xcassets in Resources */,
				458CAC2022083E3400B11457 /* Main.storyboard in Resources */,
			);
			runOnlyForDeploymentPostprocessing = 0;
		};
/* End PBXResourcesBuildPhase section */

/* Begin PBXSourcesBuildPhase section */
		458CAC1322083E3400B11457 /* Sources */ = {
			isa = PBXSourcesBuildPhase;
			buildActionMask = 2147483647;
			files = (
				458CAC4722086C5600B11457 /* Funcs.swift in Sources */,
				458CAC3B220848D700B11457 /* ErnährungRessources.swift in Sources */,
				458CAC372208442900B11457 /* ErnährungVC.swift in Sources */,
				458CAC49220870DD00B11457 /* WasserVC.swift in Sources */,
				458CAC302208413800B11457 /* TrackerPageVC.swift in Sources */,
				458CAC2322083E3400B11457 /* Eve.xcdatamodeld in Sources */,
				458CAC1B22083E3400B11457 /* AppDelegate.swift in Sources */,
				458CAC45220862E300B11457 /* ErnährungSubVC.swift in Sources */,
				458CAC392208465600B11457 /* ErnährungCell.swift in Sources */,
				458CAC4322085F8A00B11457 /* Protocols.swift in Sources */,
			);
			runOnlyForDeploymentPostprocessing = 0;
		};
/* End PBXSourcesBuildPhase section */

/* Begin PBXVariantGroup section */
		458CAC1E22083E3400B11457 /* Main.storyboard */ = {
			isa = PBXVariantGroup;
			children = (
				458CAC1F22083E3400B11457 /* Base */,
			);
			name = Main.storyboard;
			sourceTree = "<group>";
		};
		458CAC2622083E3600B11457 /* LaunchScreen.storyboard */ = {
			isa = PBXVariantGroup;
			children = (
				458CAC2722083E3600B11457 /* Base */,
			);
			name = LaunchScreen.storyboard;
			sourceTree = "<group>";
		};
/* End PBXVariantGroup section */

/* Begin XCBuildConfiguration section */
		458CAC2A22083E3600B11457 /* Debug */ = {
			isa = XCBuildConfiguration;
			buildSettings = {
				ALWAYS_SEARCH_USER_PATHS = NO;
				CLANG_ANALYZER_NONNULL = YES;
				CLANG_ANALYZER_NUMBER_OBJECT_CONVERSION = YES_AGGRESSIVE;
				CLANG_CXX_LANGUAGE_STANDARD = "gnu++14";
				CLANG_CXX_LIBRARY = "libc++";
				CLANG_ENABLE_MODULES = YES;
				CLANG_ENABLE_OBJC_ARC = YES;
				CLANG_ENABLE_OBJC_WEAK = YES;
				CLANG_WARN_BLOCK_CAPTURE_AUTORELEASING = YES;
				CLANG_WARN_BOOL_CONVERSION = YES;
				CLANG_WARN_COMMA = YES;
				CLANG_WARN_CONSTANT_CONVERSION = YES;
				CLANG_WARN_DEPRECATED_OBJC_IMPLEMENTATIONS = YES;
				CLANG_WARN_DIRECT_OBJC_ISA_USAGE = YES_ERROR;
				CLANG_WARN_DOCUMENTATION_COMMENTS = YES;
				CLANG_WARN_EMPTY_BODY = YES;
				CLANG_WARN_ENUM_CONVERSION = YES;
				CLANG_WARN_INFINITE_RECURSION = YES;
				CLANG_WARN_INT_CONVERSION = YES;
				CLANG_WARN_NON_LITERAL_NULL_CONVERSION = YES;
				CLANG_WARN_OBJC_IMPLICIT_RETAIN_SELF = YES;
				CLANG_WARN_OBJC_LITERAL_CONVERSION = YES;
				CLANG_WARN_OBJC_ROOT_CLASS = YES_ERROR;
				CLANG_WARN_RANGE_LOOP_ANALYSIS = YES;
				CLANG_WARN_STRICT_PROTOTYPES = YES;
				CLANG_WARN_SUSPICIOUS_MOVE = YES;
				CLANG_WARN_UNGUARDED_AVAILABILITY = YES_AGGRESSIVE;
				CLANG_WARN_UNREACHABLE_CODE = YES;
				CLANG_WARN__DUPLICATE_METHOD_MATCH = YES;
				CODE_SIGN_IDENTITY = "iPhone Developer";
				COPY_PHASE_STRIP = NO;
				DEBUG_INFORMATION_FORMAT = dwarf;
				ENABLE_STRICT_OBJC_MSGSEND = YES;
				ENABLE_TESTABILITY = YES;
				GCC_C_LANGUAGE_STANDARD = gnu11;
				GCC_DYNAMIC_NO_PIC = NO;
				GCC_NO_COMMON_BLOCKS = YES;
				GCC_OPTIMIZATION_LEVEL = 0;
				GCC_PREPROCESSOR_DEFINITIONS = (
					"DEBUG=1",
					"$(inherited)",
				);
				GCC_WARN_64_TO_32_BIT_CONVERSION = YES;
				GCC_WARN_ABOUT_RETURN_TYPE = YES_ERROR;
				GCC_WARN_UNDECLARED_SELECTOR = YES;
				GCC_WARN_UNINITIALIZED_AUTOS = YES_AGGRESSIVE;
				GCC_WARN_UNUSED_FUNCTION = YES;
				GCC_WARN_UNUSED_VARIABLE = YES;
				IPHONEOS_DEPLOYMENT_TARGET = 12.1;
				MTL_ENABLE_DEBUG_INFO = INCLUDE_SOURCE;
				MTL_FAST_MATH = YES;
				ONLY_ACTIVE_ARCH = YES;
				SDKROOT = iphoneos;
				SWIFT_ACTIVE_COMPILATION_CONDITIONS = DEBUG;
				SWIFT_OPTIMIZATION_LEVEL = "-Onone";
			};
			name = Debug;
		};
		458CAC2B22083E3600B11457 /* Release */ = {
			isa = XCBuildConfiguration;
			buildSettings = {
				ALWAYS_SEARCH_USER_PATHS = NO;
				CLANG_ANALYZER_NONNULL = YES;
				CLANG_ANALYZER_NUMBER_OBJECT_CONVERSION = YES_AGGRESSIVE;
				CLANG_CXX_LANGUAGE_STANDARD = "gnu++14";
				CLANG_CXX_LIBRARY = "libc++";
				CLANG_ENABLE_MODULES = YES;
				CLANG_ENABLE_OBJC_ARC = YES;
				CLANG_ENABLE_OBJC_WEAK = YES;
				CLANG_WARN_BLOCK_CAPTURE_AUTORELEASING = YES;
				CLANG_WARN_BOOL_CONVERSION = YES;
				CLANG_WARN_COMMA = YES;
				CLANG_WARN_CONSTANT_CONVERSION = YES;
				CLANG_WARN_DEPRECATED_OBJC_IMPLEMENTATIONS = YES;
				CLANG_WARN_DIRECT_OBJC_ISA_USAGE = YES_ERROR;
				CLANG_WARN_DOCUMENTATION_COMMENTS = YES;
				CLANG_WARN_EMPTY_BODY = YES;
				CLANG_WARN_ENUM_CONVERSION = YES;
				CLANG_WARN_INFINITE_RECURSION = YES;
				CLANG_WARN_INT_CONVERSION = YES;
				CLANG_WARN_NON_LITERAL_NULL_CONVERSION = YES;
				CLANG_WARN_OBJC_IMPLICIT_RETAIN_SELF = YES;
				CLANG_WARN_OBJC_LITERAL_CONVERSION = YES;
				CLANG_WARN_OBJC_ROOT_CLASS = YES_ERROR;
				CLANG_WARN_RANGE_LOOP_ANALYSIS = YES;
				CLANG_WARN_STRICT_PROTOTYPES = YES;
				CLANG_WARN_SUSPICIOUS_MOVE = YES;
				CLANG_WARN_UNGUARDED_AVAILABILITY = YES_AGGRESSIVE;
				CLANG_WARN_UNREACHABLE_CODE = YES;
				CLANG_WARN__DUPLICATE_METHOD_MATCH = YES;
				CODE_SIGN_IDENTITY = "iPhone Developer";
				COPY_PHASE_STRIP = NO;
				DEBUG_INFORMATION_FORMAT = "dwarf-with-dsym";
				ENABLE_NS_ASSERTIONS = NO;
				ENABLE_STRICT_OBJC_MSGSEND = YES;
				GCC_C_LANGUAGE_STANDARD = gnu11;
				GCC_NO_COMMON_BLOCKS = YES;
				GCC_WARN_64_TO_32_BIT_CONVERSION = YES;
				GCC_WARN_ABOUT_RETURN_TYPE = YES_ERROR;
				GCC_WARN_UNDECLARED_SELECTOR = YES;
				GCC_WARN_UNINITIALIZED_AUTOS = YES_AGGRESSIVE;
				GCC_WARN_UNUSED_FUNCTION = YES;
				GCC_WARN_UNUSED_VARIABLE = YES;
				IPHONEOS_DEPLOYMENT_TARGET = 12.1;
				MTL_ENABLE_DEBUG_INFO = NO;
				MTL_FAST_MATH = YES;
				SDKROOT = iphoneos;
				SWIFT_COMPILATION_MODE = wholemodule;
				SWIFT_OPTIMIZATION_LEVEL = "-O";
				VALIDATE_PRODUCT = YES;
			};
			name = Release;
		};
		458CAC2D22083E3600B11457 /* Debug */ = {
			isa = XCBuildConfiguration;
			buildSettings = {
				ASSETCATALOG_COMPILER_APPICON_NAME = AppIcon;
				CODE_SIGN_STYLE = Automatic;
				DEVELOPMENT_TEAM = Q5Q99Q7248;
				INFOPLIST_FILE = Eve/Info.plist;
				LD_RUNPATH_SEARCH_PATHS = (
					"$(inherited)",
					"@executable_path/Frameworks",
				);
				PRODUCT_BUNDLE_IDENTIFIER = AS.Eve;
				PRODUCT_NAME = "$(TARGET_NAME)";
				SWIFT_VERSION = 4.2;
				TARGETED_DEVICE_FAMILY = "1,2";
			};
			name = Debug;
		};
		458CAC2E22083E3600B11457 /* Release */ = {
			isa = XCBuildConfiguration;
			buildSettings = {
				ASSETCATALOG_COMPILER_APPICON_NAME = AppIcon;
				CODE_SIGN_STYLE = Automatic;
				DEVELOPMENT_TEAM = Q5Q99Q7248;
				INFOPLIST_FILE = Eve/Info.plist;
				LD_RUNPATH_SEARCH_PATHS = (
					"$(inherited)",
					"@executable_path/Frameworks",
				);
				PRODUCT_BUNDLE_IDENTIFIER = AS.Eve;
				PRODUCT_NAME = "$(TARGET_NAME)";
				SWIFT_VERSION = 4.2;
				TARGETED_DEVICE_FAMILY = "1,2";
			};
			name = Release;
		};
/* End XCBuildConfiguration section */

/* Begin XCConfigurationList section */
		458CAC1222083E3400B11457 /* Build configuration list for PBXProject "Eve" */ = {
			isa = XCConfigurationList;
			buildConfigurations = (
				458CAC2A22083E3600B11457 /* Debug */,
				458CAC2B22083E3600B11457 /* Release */,
			);
			defaultConfigurationIsVisible = 0;
			defaultConfigurationName = Release;
		};
		458CAC2C22083E3600B11457 /* Build configuration list for PBXNativeTarget "Eve" */ = {
			isa = XCConfigurationList;
			buildConfigurations = (
				458CAC2D22083E3600B11457 /* Debug */,
				458CAC2E22083E3600B11457 /* Release */,
			);
			defaultConfigurationIsVisible = 0;
			defaultConfigurationName = Release;
		};
/* End XCConfigurationList section */

/* Begin XCVersionGroup section */
		458CAC2122083E3400B11457 /* Eve.xcdatamodeld */ = {
			isa = XCVersionGroup;
			children = (
				458CAC2222083E3400B11457 /* Eve.xcdatamodel */,
			);
			currentVersion = 458CAC2222083E3400B11457 /* Eve.xcdatamodel */;
			path = Eve.xcdatamodeld;
			sourceTree = "<group>";
			versionGroupType = wrapper.xcdatamodel;
		};
/* End XCVersionGroup section */
	};
	rootObject = 458CAC0F22083E3400B11457 /* Project object */;
}
